
Microsoft Visual Studio Solution File, Format Version 12.00
# Visual Studio Version 17
VisualStudioVersion = 17.10.34928.147
MinimumVisualStudioVersion = 10.0.40219.1
Project("{FAE04EC0-301F-11D3-BF4B-00C04F79EFBC}") = "NewCompiler", "NewCompiler\NewCompiler.csproj", "{B333BA21-8116-47FB-AFC2-D5B6FA8D7C68}"
EndProject
Global
	GlobalSection(SolutionConfigurationPlatforms) = preSolution
		Debug|Any CPU = Debug|Any CPU
		Release|Any CPU = Release|Any CPU
	EndGlobalSection
	GlobalSection(ProjectConfigurationPlatforms) = postSolution
		{B333BA21-8116-47FB-AFC2-D5B6FA8D7C68}.Debug|Any CPU.ActiveCfg = Debug|Any CPU
		{B333BA21-8116-47FB-AFC2-D5B6FA8D7C68}.Debug|Any CPU.Build.0 = Debug|Any CPU
		{B333BA21-8116-47FB-AFC2-D5B6FA8D7C68}.Release|Any CPU.ActiveCfg = Release|Any CPU
		{B333BA21-8116-47FB-AFC2-D5B6FA8D7C68}.Release|Any CPU.Build.0 = Release|Any CPU
	EndGlobalSection
	GlobalSection(SolutionProperties) = preSolution
		HideSolutionNode = FALSE
	EndGlobalSection
	GlobalSection(ExtensibilityGlobals) = postSolution
		SolutionGuid = {C48FBF2F-896C-483D-9DBD-AE76F5974C8C}
	EndGlobalSection
EndGlobal
